
Microsoft Visual Studio Solution File, Format Version 12.00
# Visual Studio Version 17
VisualStudioVersion = 17.10.34928.147
MinimumVisualStudioVersion = 10.0.40219.1
Project("{9A19103F-16F7-4668-BE54-9A1E7A4F7556}") = "HightSportShopWebAPI", "2Sport_BE\HightSportShopWebAPI.csproj", "{BE56CDAB-8524-4FD8-B4DE-CFFFFD143725}"
EndProject
Project("{9A19103F-16F7-4668-BE54-9A1E7A4F7556}") = "HightSportShopDataAccess", "2Sport_BE.Core\HightSportShopDataAccess.csproj", "{2678B9DB-DB36-4E86-95A5-B4C693A3E94F}"
EndProject
Project("{9A19103F-16F7-4668-BE54-9A1E7A4F7556}") = "HightSportShopBusiness", "2Sport_BE.Infrastructure\HightSportShopBusiness.csproj", "{B848A2A9-2351-45F3-9452-194E9D5A0464}"
EndProject
Global
	GlobalSection(SolutionConfigurationPlatforms) = preSolution
		Debug|Any CPU = Debug|Any CPU
		Release|Any CPU = Release|Any CPU
	EndGlobalSection
	GlobalSection(ProjectConfigurationPlatforms) = postSolution
		{BE56CDAB-8524-4FD8-B4DE-CFFFFD143725}.Debug|Any CPU.ActiveCfg = Debug|Any CPU
		{BE56CDAB-8524-4FD8-B4DE-CFFFFD143725}.Debug|Any CPU.Build.0 = Debug|Any CPU
		{BE56CDAB-8524-4FD8-B4DE-CFFFFD143725}.Release|Any CPU.ActiveCfg = Release|Any CPU
		{BE56CDAB-8524-4FD8-B4DE-CFFFFD143725}.Release|Any CPU.Build.0 = Release|Any CPU
		{2678B9DB-DB36-4E86-95A5-B4C693A3E94F}.Debug|Any CPU.ActiveCfg = Debug|Any CPU
		{2678B9DB-DB36-4E86-95A5-B4C693A3E94F}.Debug|Any CPU.Build.0 = Debug|Any CPU
		{2678B9DB-DB36-4E86-95A5-B4C693A3E94F}.Release|Any CPU.ActiveCfg = Release|Any CPU
		{2678B9DB-DB36-4E86-95A5-B4C693A3E94F}.Release|Any CPU.Build.0 = Release|Any CPU
		{B848A2A9-2351-45F3-9452-194E9D5A0464}.Debug|Any CPU.ActiveCfg = Debug|Any CPU
		{B848A2A9-2351-45F3-9452-194E9D5A0464}.Debug|Any CPU.Build.0 = Debug|Any CPU
		{B848A2A9-2351-45F3-9452-194E9D5A0464}.Release|Any CPU.ActiveCfg = Release|Any CPU
		{B848A2A9-2351-45F3-9452-194E9D5A0464}.Release|Any CPU.Build.0 = Release|Any CPU
	EndGlobalSection
	GlobalSection(SolutionProperties) = preSolution
		HideSolutionNode = FALSE
	EndGlobalSection
	GlobalSection(ExtensibilityGlobals) = postSolution
		SolutionGuid = {0FC9C4E7-0976-43D5-B41C-515CF167F7EA}
	EndGlobalSection
EndGlobal
