
Microsoft Visual Studio Solution File, Format Version 12.00
# Visual Studio Version 17
VisualStudioVersion = 17.7.34024.191
MinimumVisualStudioVersion = 10.0.40219.1
Project("{9A19103F-16F7-4668-BE54-9A1E7A4F7556}") = "2Sport_BE", "2Sport_BE.csproj", "{99BBE055-DE11-4C1B-8112-704FDE5EEC2A}"
EndProject
Project("{9A19103F-16F7-4668-BE54-9A1E7A4F7556}") = "2Sport_BE.Infrastructure", "..\2Sport_BE.Infrastructure\2Sport_BE.Infrastructure.csproj", "{C5A34D7B-71EF-4DEA-A76A-2CB0E64DE068}"
EndProject
Project("{9A19103F-16F7-4668-BE54-9A1E7A4F7556}") = "2Sport_BE.Core", "..\2Sport_BE.Core\2Sport_BE.Core.csproj", "{255A32EC-F728-4834-B664-7EE362C48228}"
EndProject
Global
	GlobalSection(SolutionConfigurationPlatforms) = preSolution
		Debug|Any CPU = Debug|Any CPU
		Release|Any CPU = Release|Any CPU
	EndGlobalSection
	GlobalSection(ProjectConfigurationPlatforms) = postSolution
		{99BBE055-DE11-4C1B-8112-704FDE5EEC2A}.Debug|Any CPU.ActiveCfg = Debug|Any CPU
		{99BBE055-DE11-4C1B-8112-704FDE5EEC2A}.Debug|Any CPU.Build.0 = Debug|Any CPU
		{99BBE055-DE11-4C1B-8112-704FDE5EEC2A}.Release|Any CPU.ActiveCfg = Release|Any CPU
		{99BBE055-DE11-4C1B-8112-704FDE5EEC2A}.Release|Any CPU.Build.0 = Release|Any CPU
		{C5A34D7B-71EF-4DEA-A76A-2CB0E64DE068}.Debug|Any CPU.ActiveCfg = Debug|Any CPU
		{C5A34D7B-71EF-4DEA-A76A-2CB0E64DE068}.Debug|Any CPU.Build.0 = Debug|Any CPU
		{C5A34D7B-71EF-4DEA-A76A-2CB0E64DE068}.Release|Any CPU.ActiveCfg = Release|Any CPU
		{C5A34D7B-71EF-4DEA-A76A-2CB0E64DE068}.Release|Any CPU.Build.0 = Release|Any CPU
		{255A32EC-F728-4834-B664-7EE362C48228}.Debug|Any CPU.ActiveCfg = Debug|Any CPU
		{255A32EC-F728-4834-B664-7EE362C48228}.Debug|Any CPU.Build.0 = Debug|Any CPU
		{255A32EC-F728-4834-B664-7EE362C48228}.Release|Any CPU.ActiveCfg = Release|Any CPU
		{255A32EC-F728-4834-B664-7EE362C48228}.Release|Any CPU.Build.0 = Release|Any CPU
	EndGlobalSection
	GlobalSection(SolutionProperties) = preSolution
		HideSolutionNode = FALSE
	EndGlobalSection
	GlobalSection(ExtensibilityGlobals) = postSolution
		SolutionGuid = {04269EA7-0F0E-4F2B-A18C-4849E8E59A3B}
	EndGlobalSection
EndGlobal
